
Microsoft Visual Studio Solution File, Format Version 12.00
# Visual Studio Version 17
VisualStudioVersion = 17.4.33205.214
MinimumVisualStudioVersion = 10.0.40219.1
Project("{9A19103F-16F7-4668-BE54-9A1E7A4F7556}") = "Core.Persistence", "Core.Persistence\Core.Persistence.csproj", "{03014F59-C4E5-4CB4-AD94-D32ACCC05BB4}"
EndProject
Project("{9A19103F-16F7-4668-BE54-9A1E7A4F7556}") = "Core.Application", "Core.Application\Core.Application.csproj", "{1B1E8E68-E115-4D0D-AB99-2BF10CDCA10B}"
EndProject
Project("{9A19103F-16F7-4668-BE54-9A1E7A4F7556}") = "Core.CrossCuttingConcerns", "Core.CrossCuttingConcerns\Core.CrossCuttingConcerns.csproj", "{576B96C0-3CFD-456E-9CAD-898E57C452C2}"
EndProject
Project("{FAE04EC0-301F-11D3-BF4B-00C04F79EFBC}") = "Core.Security", "Core.Security\Core.Security.csproj", "{FD717AFE-5376-4A80-9FD0-2A998F9D6A03}"
EndProject
Global
	GlobalSection(SolutionConfigurationPlatforms) = preSolution
		Debug|Any CPU = Debug|Any CPU
		Release|Any CPU = Release|Any CPU
	EndGlobalSection
	GlobalSection(ProjectConfigurationPlatforms) = postSolution
		{03014F59-C4E5-4CB4-AD94-D32ACCC05BB4}.Debug|Any CPU.ActiveCfg = Debug|Any CPU
		{03014F59-C4E5-4CB4-AD94-D32ACCC05BB4}.Debug|Any CPU.Build.0 = Debug|Any CPU
		{03014F59-C4E5-4CB4-AD94-D32ACCC05BB4}.Release|Any CPU.ActiveCfg = Release|Any CPU
		{03014F59-C4E5-4CB4-AD94-D32ACCC05BB4}.Release|Any CPU.Build.0 = Release|Any CPU
		{1B1E8E68-E115-4D0D-AB99-2BF10CDCA10B}.Debug|Any CPU.ActiveCfg = Debug|Any CPU
		{1B1E8E68-E115-4D0D-AB99-2BF10CDCA10B}.Debug|Any CPU.Build.0 = Debug|Any CPU
		{1B1E8E68-E115-4D0D-AB99-2BF10CDCA10B}.Release|Any CPU.ActiveCfg = Release|Any CPU
		{1B1E8E68-E115-4D0D-AB99-2BF10CDCA10B}.Release|Any CPU.Build.0 = Release|Any CPU
		{576B96C0-3CFD-456E-9CAD-898E57C452C2}.Debug|Any CPU.ActiveCfg = Debug|Any CPU
		{576B96C0-3CFD-456E-9CAD-898E57C452C2}.Debug|Any CPU.Build.0 = Debug|Any CPU
		{576B96C0-3CFD-456E-9CAD-898E57C452C2}.Release|Any CPU.ActiveCfg = Release|Any CPU
		{576B96C0-3CFD-456E-9CAD-898E57C452C2}.Release|Any CPU.Build.0 = Release|Any CPU
		{FD717AFE-5376-4A80-9FD0-2A998F9D6A03}.Debug|Any CPU.ActiveCfg = Debug|Any CPU
		{FD717AFE-5376-4A80-9FD0-2A998F9D6A03}.Debug|Any CPU.Build.0 = Debug|Any CPU
		{FD717AFE-5376-4A80-9FD0-2A998F9D6A03}.Release|Any CPU.ActiveCfg = Release|Any CPU
		{FD717AFE-5376-4A80-9FD0-2A998F9D6A03}.Release|Any CPU.Build.0 = Release|Any CPU
	EndGlobalSection
	GlobalSection(SolutionProperties) = preSolution
		HideSolutionNode = FALSE
	EndGlobalSection
	GlobalSection(ExtensibilityGlobals) = postSolution
		SolutionGuid = {125FF989-8CB6-4F8F-9F1A-CB87DC345E5C}
	EndGlobalSection
EndGlobal
